{
  "nodes": {
    "home-manager": {
      "inputs": {
        "nixpkgs": [
          "nixpkgs"
        ]
      },
      "locked": {
        "lastModified": 1785531816,
        "narHash": "sha256-vkMnV0JIyw+g/NmcfoajlGaAO+9a0ezia+FZohQJrik=",
        "owner": "nix-community",
        "repo": "home-manager",
        "rev": "bf9ce9fec78f95f374e8dd3b503863a3ec128ebe",
        "type": "github"
      },
      "original": {
        "owner": "nix-community",
        "repo": "home-manager",
        "type": "github"
      }
    },
    "nixpkgs": {
      "locked": {
        "lastModified": 1785542685,
        "narHash": "sha256-Gyy0dcrE1lGbli8M1yMPl67x92rEvbKjLoxVOLfZQOQ=",
        "rev": "f8e81fc7eb063db454f563cdd596fb96a5ad1497",
        "type": "tarball",
        "url": "https://releases.nixos.org/nixpkgs/nixpkgs-26.11pre1045355.f8e81fc7eb06/nixexprs.tar.xz"
      },
      "original": {
        "id": "nixpkgs",
        "type": "indirect"
      }
    },
    "nixpkgs-unstable": {
      "locked": {
        "lastModified": 1785571196,
        "narHash": "sha256-KoTsyMQqnXQZq8deCEnu4QkyldkwH/bpMMhUcfMdGIw=",
        "owner": "NixOS",
        "repo": "nixpkgs",
        "rev": "148bab9c1c3c53136ecb44a6ea356a0ed5b39b06",
        "type": "github"
      },
      "original": {
        "owner": "NixOS",
        "ref": "nixos-unstable",
        "repo": "nixpkgs",
        "type": "github"
      }
    },
    "root": {
      "inputs": {
        "home-manager": "home-manager",
        "nixpkgs": "nixpkgs",
        "nixpkgs-unstable": "nixpkgs-unstable",
        "throne-nixpkgs": "throne-nixpkgs"
      }
    },
    "throne-nixpkgs": {
      "locked": {
        "lastModified": 1785412762,
        "narHash": "sha256-HY6A+amLpsEjbtk6eUhRH4YOR7B6zFwzeQlAmNez2wM=",
        "owner": "TomaSajt",
        "repo": "nixpkgs",
        "rev": "63d18e3bacc2f7009795b014f5a3067303180027",
        "type": "github"
      },
      "original": {
        "owner": "TomaSajt",
        "repo": "nixpkgs",
        "rev": "63d18e3bacc2f7009795b014f5a3067303180027",
        "type": "github"
      }
    }
  },
  "root": "root",
  "version": 7
}
